# This file is automatically @generated by Cargo.
# It is not intended for manual editing.
version = 3

[[package]]
name = "hacksquad-rust-twitter"
version = "0.1.0"
dependencies = [
 "svg",
]

[[package]]
name = "svg"
version = "0.12.0"
source = "registry+https://github.com/rust-lang/crates.io-index"
checksum = "2f85cf5d6da0b5a8b2b6d7bc26dd29121a88d262b3343d9c7c65346c2e3f97b1"
